PODS:
  - Bond (7.6.6):
    - Differ (~> 1.4)
    - ReactiveKit (~> 3.14)
  - Differ (1.4.5)
  - ReactiveKit (3.17.1)

DEPENDENCIES:
  - Bond

SPEC REPOS:
  https://github.com/cocoapods/specs.git:
    - Bond
    - Differ
    - ReactiveKit

SPEC CHECKSUMS:
  Bond: 9e7d901cf4ed825b6004a93dd0a7f1c7479e2834
  Differ: 3b6bd78e2b20cc795d9a86f7641d087524e4273e
  ReactiveKit: f578a74d3555296ea61fab228f5245a4ed7b4b27

PODFILE CHECKSUM: 824dc9a322882f519375a52efb8f95288205256b

COCOAPODS: 1.7.5
